
Microsoft Visual Studio Solution File, Format Version 12.00
# Visual Studio Version 17
VisualStudioVersion = 17.12.35527.113 d17.12
MinimumVisualStudioVersion = 10.0.40219.1
Project("{FAE04EC0-301F-11D3-BF4B-00C04F79EFBC}") = "Core", "Core\Core.csproj", "{2CA62C16-4AFB-418A-83A0-EFA916514524}"
EndProject
Project("{FAE04EC0-301F-11D3-BF4B-00C04F79EFBC}") = "Infrastructure", "Infrastructure\Infrastructure.csproj", "{4E90EBD1-49FA-4A89-B7A4-5487E3937F91}"
EndProject
Project("{FAE04EC0-301F-11D3-BF4B-00C04F79EFBC}") = "UserApi", "UserApi\UserApi.csproj", "{6A03F941-8ACC-450F-81FF-6BD930108738}"
EndProject
Project("{FAE04EC0-301F-11D3-BF4B-00C04F79EFBC}") = "Tests", "Tests\Tests.csproj", "{28DDD793-F6FC-428E-8C18-5BD21AD2338E}"
EndProject
Global
	GlobalSection(SolutionConfigurationPlatforms) = preSolution
		Debug|Any CPU = Debug|Any CPU
		Release|Any CPU = Release|Any CPU
	EndGlobalSection
	GlobalSection(ProjectConfigurationPlatforms) = postSolution
		{2CA62C16-4AFB-418A-83A0-EFA916514524}.Debug|Any CPU.ActiveCfg = Debug|Any CPU
		{2CA62C16-4AFB-418A-83A0-EFA916514524}.Debug|Any CPU.Build.0 = Debug|Any CPU
		{2CA62C16-4AFB-418A-83A0-EFA916514524}.Release|Any CPU.ActiveCfg = Release|Any CPU
		{2CA62C16-4AFB-418A-83A0-EFA916514524}.Release|Any CPU.Build.0 = Release|Any CPU
		{4E90EBD1-49FA-4A89-B7A4-5487E3937F91}.Debug|Any CPU.ActiveCfg = Debug|Any CPU
		{4E90EBD1-49FA-4A89-B7A4-5487E3937F91}.Debug|Any CPU.Build.0 = Debug|Any CPU
		{4E90EBD1-49FA-4A89-B7A4-5487E3937F91}.Release|Any CPU.ActiveCfg = Release|Any CPU
		{4E90EBD1-49FA-4A89-B7A4-5487E3937F91}.Release|Any CPU.Build.0 = Release|Any CPU
		{6A03F941-8ACC-450F-81FF-6BD930108738}.Debug|Any CPU.ActiveCfg = Debug|Any CPU
		{6A03F941-8ACC-450F-81FF-6BD930108738}.Debug|Any CPU.Build.0 = Debug|Any CPU
		{6A03F941-8ACC-450F-81FF-6BD930108738}.Release|Any CPU.ActiveCfg = Release|Any CPU
		{6A03F941-8ACC-450F-81FF-6BD930108738}.Release|Any CPU.Build.0 = Release|Any CPU
		{28DDD793-F6FC-428E-8C18-5BD21AD2338E}.Debug|Any CPU.ActiveCfg = Debug|Any CPU
		{28DDD793-F6FC-428E-8C18-5BD21AD2338E}.Debug|Any CPU.Build.0 = Debug|Any CPU
		{28DDD793-F6FC-428E-8C18-5BD21AD2338E}.Release|Any CPU.ActiveCfg = Release|Any CPU
		{28DDD793-F6FC-428E-8C18-5BD21AD2338E}.Release|Any CPU.Build.0 = Release|Any CPU
	EndGlobalSection
	GlobalSection(SolutionProperties) = preSolution
		HideSolutionNode = FALSE
	EndGlobalSection
EndGlobal
